
Microsoft Visual Studio Solution File, Format Version 12.00
# Visual Studio 14
VisualStudioVersion = 14.0.25123.0
MinimumVisualStudioVersion = 10.0.40219.1
Project("{FAE04EC0-301F-11D3-BF4B-00C04F79EFBC}") = "0 LinqTutorial", "LinqTutorial\0 LinqTutorial.csproj", "{354AEB73-CDD0-4E36-80F9-60CB006FB6B0}"
EndProject
Project("{FAE04EC0-301F-11D3-BF4B-00C04F79EFBC}") = "1 ExtendsionMethod", "ExtendsionMethod\1 ExtendsionMethod.csproj", "{48CED8F7-95DE-4861-B752-5C40C2CB679B}"
EndProject
Project("{FAE04EC0-301F-11D3-BF4B-00C04F79EFBC}") = "2 AnonymousClass", "AnonymousClass\2 AnonymousClass.csproj", "{BB0B7B8B-42D5-4321-B716-E5991A9954F7}"
EndProject
Project("{FAE04EC0-301F-11D3-BF4B-00C04F79EFBC}") = "3 WhereMethod", "WhereMethod\3 WhereMethod.csproj", "{FAD9B814-2BA6-461E-8E50-19489C9B52CF}"
EndProject
Project("{FAE04EC0-301F-11D3-BF4B-00C04F79EFBC}") = "4 OrderMethod", "OrderMethod\4 OrderMethod.csproj", "{8A0B79DB-BD9A-491A-B596-E4BDE4901B7E}"
EndProject
Project("{FAE04EC0-301F-11D3-BF4B-00C04F79EFBC}") = "5 SetMethod", "SetMethod\5 SetMethod.csproj", "{09006036-48B3-4714-9B81-1A18CDD43ECF}"
EndProject
Project("{FAE04EC0-301F-11D3-BF4B-00C04F79EFBC}") = "6 QuantifiersMethod", "QuantifiersMethod\6 QuantifiersMethod.csproj", "{846D0F02-FCF2-4B04-9DD4-FEF752540D7A}"
EndProject
Project("{FAE04EC0-301F-11D3-BF4B-00C04F79EFBC}") = "7 AggregationMethod", "AggregationMethod\7 AggregationMethod.csproj", "{C6A71951-73F7-493C-BE34-0E67D44C905E}"
EndProject
Project("{FAE04EC0-301F-11D3-BF4B-00C04F79EFBC}") = "8 PartitioningMethod", "PartitioningMethod\8 PartitioningMethod.csproj", "{CA3C45CD-9A39-43A0-B6E7-CB58C2AA77C2}"
EndProject
Project("{FAE04EC0-301F-11D3-BF4B-00C04F79EFBC}") = "9 SelectSample", "SelectSample\9 SelectSample.csproj", "{003AB3AD-98D5-4185-86BE-A4FA85544381}"
EndProject
Project("{FAE04EC0-301F-11D3-BF4B-00C04F79EFBC}") = "A SubQuery", "SubQuery\A SubQuery.csproj", "{3DD0E921-C615-422C-8016-4BCE950C25CB}"
EndProject
Project("{FAE04EC0-301F-11D3-BF4B-00C04F79EFBC}") = "B UseGroup", "UseGroup\B UseGroup.csproj", "{A4AF7464-213A-4C37-B965-BD1E7CD0A63E}"
EndProject
Project("{FAE04EC0-301F-11D3-BF4B-00C04F79EFBC}") = "C InnerJoin", "InnerJoin\C InnerJoin.csproj", "{8A0C3D27-440D-4394-9824-93E993874899}"
EndProject
Project("{FAE04EC0-301F-11D3-BF4B-00C04F79EFBC}") = "D Generator", "Generator\D Generator.csproj", "{4BD9E691-D6B9-47E7-876A-4A07127BFC83}"
EndProject
Global
	GlobalSection(SolutionConfigurationPlatforms) = preSolution
		Debug|Any CPU = Debug|Any CPU
		Release|Any CPU = Release|Any CPU
	EndGlobalSection
	GlobalSection(ProjectConfigurationPlatforms) = postSolution
		{354AEB73-CDD0-4E36-80F9-60CB006FB6B0}.Debug|Any CPU.ActiveCfg = Debug|Any CPU
		{354AEB73-CDD0-4E36-80F9-60CB006FB6B0}.Debug|Any CPU.Build.0 = Debug|Any CPU
		{354AEB73-CDD0-4E36-80F9-60CB006FB6B0}.Release|Any CPU.ActiveCfg = Release|Any CPU
		{354AEB73-CDD0-4E36-80F9-60CB006FB6B0}.Release|Any CPU.Build.0 = Release|Any CPU
		{48CED8F7-95DE-4861-B752-5C40C2CB679B}.Debug|Any CPU.ActiveCfg = Debug|Any CPU
		{48CED8F7-95DE-4861-B752-5C40C2CB679B}.Debug|Any CPU.Build.0 = Debug|Any CPU
		{48CED8F7-95DE-4861-B752-5C40C2CB679B}.Release|Any CPU.ActiveCfg = Release|Any CPU
		{48CED8F7-95DE-4861-B752-5C40C2CB679B}.Release|Any CPU.Build.0 = Release|Any CPU
		{BB0B7B8B-42D5-4321-B716-E5991A9954F7}.Debug|Any CPU.ActiveCfg = Debug|Any CPU
		{BB0B7B8B-42D5-4321-B716-E5991A9954F7}.Debug|Any CPU.Build.0 = Debug|Any CPU
		{BB0B7B8B-42D5-4321-B716-E5991A9954F7}.Release|Any CPU.ActiveCfg = Release|Any CPU
		{BB0B7B8B-42D5-4321-B716-E5991A9954F7}.Release|Any CPU.Build.0 = Release|Any CPU
		{FAD9B814-2BA6-461E-8E50-19489C9B52CF}.Debug|Any CPU.ActiveCfg = Debug|Any CPU
		{FAD9B814-2BA6-461E-8E50-19489C9B52CF}.Debug|Any CPU.Build.0 = Debug|Any CPU
		{FAD9B814-2BA6-461E-8E50-19489C9B52CF}.Release|Any CPU.ActiveCfg = Release|Any CPU
		{FAD9B814-2BA6-461E-8E50-19489C9B52CF}.Release|Any CPU.Build.0 = Release|Any CPU
		{8A0B79DB-BD9A-491A-B596-E4BDE4901B7E}.Debug|Any CPU.ActiveCfg = Debug|Any CPU
		{8A0B79DB-BD9A-491A-B596-E4BDE4901B7E}.Debug|Any CPU.Build.0 = Debug|Any CPU
		{8A0B79DB-BD9A-491A-B596-E4BDE4901B7E}.Release|Any CPU.ActiveCfg = Release|Any CPU
		{8A0B79DB-BD9A-491A-B596-E4BDE4901B7E}.Release|Any CPU.Build.0 = Release|Any CPU
		{09006036-48B3-4714-9B81-1A18CDD43ECF}.Debug|Any CPU.ActiveCfg = Debug|Any CPU
		{09006036-48B3-4714-9B81-1A18CDD43ECF}.Debug|Any CPU.Build.0 = Debug|Any CPU
		{09006036-48B3-4714-9B81-1A18CDD43ECF}.Release|Any CPU.ActiveCfg = Release|Any CPU
		{09006036-48B3-4714-9B81-1A18CDD43ECF}.Release|Any CPU.Build.0 = Release|Any CPU
		{846D0F02-FCF2-4B04-9DD4-FEF752540D7A}.Debug|Any CPU.ActiveCfg = Debug|Any CPU
		{846D0F02-FCF2-4B04-9DD4-FEF752540D7A}.Debug|Any CPU.Build.0 = Debug|Any CPU
		{846D0F02-FCF2-4B04-9DD4-FEF752540D7A}.Release|Any CPU.ActiveCfg = Release|Any CPU
		{846D0F02-FCF2-4B04-9DD4-FEF752540D7A}.Release|Any CPU.Build.0 = Release|Any CPU
		{C6A71951-73F7-493C-BE34-0E67D44C905E}.Debug|Any CPU.ActiveCfg = Debug|Any CPU
		{C6A71951-73F7-493C-BE34-0E67D44C905E}.Debug|Any CPU.Build.0 = Debug|Any CPU
		{C6A71951-73F7-493C-BE34-0E67D44C905E}.Release|Any CPU.ActiveCfg = Release|Any CPU
		{C6A71951-73F7-493C-BE34-0E67D44C905E}.Release|Any CPU.Build.0 = Release|Any CPU
		{CA3C45CD-9A39-43A0-B6E7-CB58C2AA77C2}.Debug|Any CPU.ActiveCfg = Debug|Any CPU
		{CA3C45CD-9A39-43A0-B6E7-CB58C2AA77C2}.Debug|Any CPU.Build.0 = Debug|Any CPU
		{CA3C45CD-9A39-43A0-B6E7-CB58C2AA77C2}.Release|Any CPU.ActiveCfg = Release|Any CPU
		{CA3C45CD-9A39-43A0-B6E7-CB58C2AA77C2}.Release|Any CPU.Build.0 = Release|Any CPU
		{003AB3AD-98D5-4185-86BE-A4FA85544381}.Debug|Any CPU.ActiveCfg = Debug|Any CPU
		{003AB3AD-98D5-4185-86BE-A4FA85544381}.Debug|Any CPU.Build.0 = Debug|Any CPU
		{003AB3AD-98D5-4185-86BE-A4FA85544381}.Release|Any CPU.ActiveCfg = Release|Any CPU
		{003AB3AD-98D5-4185-86BE-A4FA85544381}.Release|Any CPU.Build.0 = Release|Any CPU
		{3DD0E921-C615-422C-8016-4BCE950C25CB}.Debug|Any CPU.ActiveCfg = Debug|Any CPU
		{3DD0E921-C615-422C-8016-4BCE950C25CB}.Debug|Any CPU.Build.0 = Debug|Any CPU
		{3DD0E921-C615-422C-8016-4BCE950C25CB}.Release|Any CPU.ActiveCfg = Release|Any CPU
		{3DD0E921-C615-422C-8016-4BCE950C25CB}.Release|Any CPU.Build.0 = Release|Any CPU
		{A4AF7464-213A-4C37-B965-BD1E7CD0A63E}.Debug|Any CPU.ActiveCfg = Debug|Any CPU
		{A4AF7464-213A-4C37-B965-BD1E7CD0A63E}.Debug|Any CPU.Build.0 = Debug|Any CPU
		{A4AF7464-213A-4C37-B965-BD1E7CD0A63E}.Release|Any CPU.ActiveCfg = Release|Any CPU
		{A4AF7464-213A-4C37-B965-BD1E7CD0A63E}.Release|Any CPU.Build.0 = Release|Any CPU
		{8A0C3D27-440D-4394-9824-93E993874899}.Debug|Any CPU.ActiveCfg = Debug|Any CPU
		{8A0C3D27-440D-4394-9824-93E993874899}.Debug|Any CPU.Build.0 = Debug|Any CPU
		{8A0C3D27-440D-4394-9824-93E993874899}.Release|Any CPU.ActiveCfg = Release|Any CPU
		{8A0C3D27-440D-4394-9824-93E993874899}.Release|Any CPU.Build.0 = Release|Any CPU
		{4BD9E691-D6B9-47E7-876A-4A07127BFC83}.Debug|Any CPU.ActiveCfg = Debug|Any CPU
		{4BD9E691-D6B9-47E7-876A-4A07127BFC83}.Debug|Any CPU.Build.0 = Debug|Any CPU
		{4BD9E691-D6B9-47E7-876A-4A07127BFC83}.Release|Any CPU.ActiveCfg = Release|Any CPU
		{4BD9E691-D6B9-47E7-876A-4A07127BFC83}.Release|Any CPU.Build.0 = Release|Any CPU
	EndGlobalSection
	GlobalSection(SolutionProperties) = preSolution
		HideSolutionNode = FALSE
	EndGlobalSection
EndGlobal
