
Microsoft Visual Studio Solution File, Format Version 12.00
# Visual Studio 14
VisualStudioVersion = 14.0.25123.0
MinimumVisualStudioVersion = 10.0.40219.1
Project("{FAE04EC0-301F-11D3-BF4B-00C04F79EFBC}") = "JsonSerializeTutorial", "JsonSerializeTutorial\JsonSerializeTutorial.csproj", "{626CD408-0389-47E0-9EFC-3815914D26AB}"
EndProject
Project("{FAE04EC0-301F-11D3-BF4B-00C04F79EFBC}") = "JsonSerializeTutorialWithAttributes", "JsonSerializeTutorialWithAttributes\JsonSerializeTutorialWithAttributes.csproj", "{9AD5E381-704B-4F42-A1EF-F86507ABF0EB}"
EndProject
Global
	GlobalSection(SolutionConfigurationPlatforms) = preSolution
		Debug|Any CPU = Debug|Any CPU
		Release|Any CPU = Release|Any CPU
	EndGlobalSection
	GlobalSection(ProjectConfigurationPlatforms) = postSolution
		{626CD408-0389-47E0-9EFC-3815914D26AB}.Debug|Any CPU.ActiveCfg = Debug|Any CPU
		{626CD408-0389-47E0-9EFC-3815914D26AB}.Debug|Any CPU.Build.0 = Debug|Any CPU
		{626CD408-0389-47E0-9EFC-3815914D26AB}.Release|Any CPU.ActiveCfg = Release|Any CPU
		{626CD408-0389-47E0-9EFC-3815914D26AB}.Release|Any CPU.Build.0 = Release|Any CPU
		{9AD5E381-704B-4F42-A1EF-F86507ABF0EB}.Debug|Any CPU.ActiveCfg = Debug|Any CPU
		{9AD5E381-704B-4F42-A1EF-F86507ABF0EB}.Debug|Any CPU.Build.0 = Debug|Any CPU
		{9AD5E381-704B-4F42-A1EF-F86507ABF0EB}.Release|Any CPU.ActiveCfg = Release|Any CPU
		{9AD5E381-704B-4F42-A1EF-F86507ABF0EB}.Release|Any CPU.Build.0 = Release|Any CPU
	EndGlobalSection
	GlobalSection(SolutionProperties) = preSolution
		HideSolutionNode = FALSE
	EndGlobalSection
EndGlobal
