
Microsoft Visual Studio Solution File, Format Version 12.00
# Visual Studio 14
VisualStudioVersion = 14.0.25123.0
MinimumVisualStudioVersion = 10.0.40219.1
Project("{FAE04EC0-301F-11D3-BF4B-00C04F79EFBC}") = "SQLConnect", "SQLConnect\SQLConnect.csproj", "{7BDF2E3A-97FA-4C49-82AF-EF779DC278F8}"
EndProject
Project("{FAE04EC0-301F-11D3-BF4B-00C04F79EFBC}") = "ExecuteNonQuery", "ExecuteNonQuery\ExecuteNonQuery.csproj", "{B466CAFA-3E04-4583-9366-67615A55E90F}"
EndProject
Project("{FAE04EC0-301F-11D3-BF4B-00C04F79EFBC}") = "ExecuteQuery", "ExecuteQuery\ExecuteQuery.csproj", "{6682E7F4-ED21-44E5-A244-90EC674660F2}"
EndProject
Project("{FAE04EC0-301F-11D3-BF4B-00C04F79EFBC}") = "DisplayData", "DisplayData\DisplayData.csproj", "{91502383-CCC4-4234-B46B-47E8ED75E3CA}"
EndProject
Project("{FAE04EC0-301F-11D3-BF4B-00C04F79EFBC}") = "SqlCommandParametterBuilder", "SqlCommandParametterBuilder\SqlCommandParametterBuilder.csproj", "{6ED5344B-6843-4070-A88E-C18CD6DE830C}"
EndProject
Global
	GlobalSection(SolutionConfigurationPlatforms) = preSolution
		Debug|Any CPU = Debug|Any CPU
		Release|Any CPU = Release|Any CPU
	EndGlobalSection
	GlobalSection(ProjectConfigurationPlatforms) = postSolution
		{7BDF2E3A-97FA-4C49-82AF-EF779DC278F8}.Debug|Any CPU.ActiveCfg = Debug|Any CPU
		{7BDF2E3A-97FA-4C49-82AF-EF779DC278F8}.Debug|Any CPU.Build.0 = Debug|Any CPU
		{7BDF2E3A-97FA-4C49-82AF-EF779DC278F8}.Release|Any CPU.ActiveCfg = Release|Any CPU
		{7BDF2E3A-97FA-4C49-82AF-EF779DC278F8}.Release|Any CPU.Build.0 = Release|Any CPU
		{B466CAFA-3E04-4583-9366-67615A55E90F}.Debug|Any CPU.ActiveCfg = Debug|Any CPU
		{B466CAFA-3E04-4583-9366-67615A55E90F}.Debug|Any CPU.Build.0 = Debug|Any CPU
		{B466CAFA-3E04-4583-9366-67615A55E90F}.Release|Any CPU.ActiveCfg = Release|Any CPU
		{B466CAFA-3E04-4583-9366-67615A55E90F}.Release|Any CPU.Build.0 = Release|Any CPU
		{6682E7F4-ED21-44E5-A244-90EC674660F2}.Debug|Any CPU.ActiveCfg = Debug|Any CPU
		{6682E7F4-ED21-44E5-A244-90EC674660F2}.Debug|Any CPU.Build.0 = Debug|Any CPU
		{6682E7F4-ED21-44E5-A244-90EC674660F2}.Release|Any CPU.ActiveCfg = Release|Any CPU
		{6682E7F4-ED21-44E5-A244-90EC674660F2}.Release|Any CPU.Build.0 = Release|Any CPU
		{91502383-CCC4-4234-B46B-47E8ED75E3CA}.Debug|Any CPU.ActiveCfg = Debug|Any CPU
		{91502383-CCC4-4234-B46B-47E8ED75E3CA}.Debug|Any CPU.Build.0 = Debug|Any CPU
		{91502383-CCC4-4234-B46B-47E8ED75E3CA}.Release|Any CPU.ActiveCfg = Release|Any CPU
		{91502383-CCC4-4234-B46B-47E8ED75E3CA}.Release|Any CPU.Build.0 = Release|Any CPU
		{6ED5344B-6843-4070-A88E-C18CD6DE830C}.Debug|Any CPU.ActiveCfg = Debug|Any CPU
		{6ED5344B-6843-4070-A88E-C18CD6DE830C}.Debug|Any CPU.Build.0 = Debug|Any CPU
		{6ED5344B-6843-4070-A88E-C18CD6DE830C}.Release|Any CPU.ActiveCfg = Release|Any CPU
		{6ED5344B-6843-4070-A88E-C18CD6DE830C}.Release|Any CPU.Build.0 = Release|Any CPU
	EndGlobalSection
	GlobalSection(SolutionProperties) = preSolution
		HideSolutionNode = FALSE
	EndGlobalSection
EndGlobal
