
Microsoft Visual Studio Solution File, Format Version 12.00
# Visual Studio 14
VisualStudioVersion = 14.0.25123.0
MinimumVisualStudioVersion = 10.0.40219.1
Project("{FAE04EC0-301F-11D3-BF4B-00C04F79EFBC}") = "QuadraticEquation", "WindowForm\QuadraticEquation.csproj", "{64FA520F-53DB-468E-BDE7-A4A6CB1408D5}"
EndProject
Project("{FAE04EC0-301F-11D3-BF4B-00C04F79EFBC}") = "UseMessageBox", "UseMessageBox\UseMessageBox.csproj", "{051E865C-580F-49EE-98B7-7045A86A15FB}"
EndProject
Global
	GlobalSection(SolutionConfigurationPlatforms) = preSolution
		Debug|Any CPU = Debug|Any CPU
		Release|Any CPU = Release|Any CPU
	EndGlobalSection
	GlobalSection(ProjectConfigurationPlatforms) = postSolution
		{64FA520F-53DB-468E-BDE7-A4A6CB1408D5}.Debug|Any CPU.ActiveCfg = Debug|Any CPU
		{64FA520F-53DB-468E-BDE7-A4A6CB1408D5}.Debug|Any CPU.Build.0 = Debug|Any CPU
		{64FA520F-53DB-468E-BDE7-A4A6CB1408D5}.Release|Any CPU.ActiveCfg = Release|Any CPU
		{64FA520F-53DB-468E-BDE7-A4A6CB1408D5}.Release|Any CPU.Build.0 = Release|Any CPU
		{051E865C-580F-49EE-98B7-7045A86A15FB}.Debug|Any CPU.ActiveCfg = Debug|Any CPU
		{051E865C-580F-49EE-98B7-7045A86A15FB}.Debug|Any CPU.Build.0 = Debug|Any CPU
		{051E865C-580F-49EE-98B7-7045A86A15FB}.Release|Any CPU.ActiveCfg = Release|Any CPU
		{051E865C-580F-49EE-98B7-7045A86A15FB}.Release|Any CPU.Build.0 = Release|Any CPU
	EndGlobalSection
	GlobalSection(SolutionProperties) = preSolution
		HideSolutionNode = FALSE
	EndGlobalSection
EndGlobal
