
Microsoft Visual Studio Solution File, Format Version 12.00
# Visual Studio 14
VisualStudioVersion = 14.0.25123.0
MinimumVisualStudioVersion = 10.0.40219.1
Project("{FAE04EC0-301F-11D3-BF4B-00C04F79EFBC}") = "QuadraticEquation", "WindowForm\QuadraticEquation.csproj", "{64FA520F-53DB-468E-BDE7-A4A6CB1408D5}"
EndProject
Project("{FAE04EC0-301F-11D3-BF4B-00C04F79EFBC}") = "UseMessageBox", "UseMessageBox\UseMessageBox.csproj", "{051E865C-580F-49EE-98B7-7045A86A15FB}"
EndProject
Project("{FAE04EC0-301F-11D3-BF4B-00C04F79EFBC}") = "BasicComponents1", "BasicComponents\BasicComponents1.csproj", "{05D3D5E4-8E62-49DA-8E51-212A45CCAF49}"
EndProject
Project("{FAE04EC0-301F-11D3-BF4B-00C04F79EFBC}") = "UsePictureBox", "UsePictureBox\UsePictureBox.csproj", "{290691F0-733C-409D-8FBB-CB5E6602E6ED}"
EndProject
Project("{FAE04EC0-301F-11D3-BF4B-00C04F79EFBC}") = "UseListView", "UseListView\UseListView.csproj", "{7B0B47AE-5C21-49CD-AD49-76B776F05B40}"
EndProject
Project("{FAE04EC0-301F-11D3-BF4B-00C04F79EFBC}") = "UseAnchor", "UseAnchor\UseAnchor.csproj", "{B3D1B69C-71FD-43EF-81E5-6493CBDFC6AE}"
EndProject
Project("{FAE04EC0-301F-11D3-BF4B-00C04F79EFBC}") = "UseContainers", "UseContainers\UseContainers.csproj", "{F73C54DB-0F6F-4F71-A6D5-D77AF8267568}"
EndProject
Project("{FAE04EC0-301F-11D3-BF4B-00C04F79EFBC}") = "UseSplitContainer", "UseSplitContainer\UseSplitContainer.csproj", "{A80FF381-478A-40F9-9987-393A4EC11DEC}"
EndProject
Project("{FAE04EC0-301F-11D3-BF4B-00C04F79EFBC}") = "UseTabControl", "UseTabControl\UseTabControl.csproj", "{D30596E7-8F4B-4F38-A90A-4D2CFF55DE5B}"
EndProject
Project("{FAE04EC0-301F-11D3-BF4B-00C04F79EFBC}") = "UseCommonDialog", "UseCommonDialog\UseCommonDialog.csproj", "{5FEA9720-EB23-4BF3-9843-BEDAF8EE0766}"
EndProject
Project("{FAE04EC0-301F-11D3-BF4B-00C04F79EFBC}") = "UseThread", "UseThread\UseThread.csproj", "{E9EF7B15-0CCC-4AF2-9438-8CD325F54B32}"
EndProject
Project("{FAE04EC0-301F-11D3-BF4B-00C04F79EFBC}") = "UseToolStripAndStatusStrip", "UseToolStripAndStatusStrip\UseToolStripAndStatusStrip.csproj", "{7A073FBE-B83B-4473-A791-39ABDF1B36E4}"
EndProject
Project("{FAE04EC0-301F-11D3-BF4B-00C04F79EFBC}") = "UseMenu", "UseMenu\UseMenu.csproj", "{B998247B-4C6D-4159-BC9F-4763C1DD6300}"
EndProject
Global
	GlobalSection(SolutionConfigurationPlatforms) = preSolution
		Debug|Any CPU = Debug|Any CPU
		Release|Any CPU = Release|Any CPU
	EndGlobalSection
	GlobalSection(ProjectConfigurationPlatforms) = postSolution
		{64FA520F-53DB-468E-BDE7-A4A6CB1408D5}.Debug|Any CPU.ActiveCfg = Debug|Any CPU
		{64FA520F-53DB-468E-BDE7-A4A6CB1408D5}.Debug|Any CPU.Build.0 = Debug|Any CPU
		{64FA520F-53DB-468E-BDE7-A4A6CB1408D5}.Release|Any CPU.ActiveCfg = Release|Any CPU
		{64FA520F-53DB-468E-BDE7-A4A6CB1408D5}.Release|Any CPU.Build.0 = Release|Any CPU
		{051E865C-580F-49EE-98B7-7045A86A15FB}.Debug|Any CPU.ActiveCfg = Debug|Any CPU
		{051E865C-580F-49EE-98B7-7045A86A15FB}.Debug|Any CPU.Build.0 = Debug|Any CPU
		{051E865C-580F-49EE-98B7-7045A86A15FB}.Release|Any CPU.ActiveCfg = Release|Any CPU
		{051E865C-580F-49EE-98B7-7045A86A15FB}.Release|Any CPU.Build.0 = Release|Any CPU
		{05D3D5E4-8E62-49DA-8E51-212A45CCAF49}.Debug|Any CPU.ActiveCfg = Debug|Any CPU
		{05D3D5E4-8E62-49DA-8E51-212A45CCAF49}.Debug|Any CPU.Build.0 = Debug|Any CPU
		{05D3D5E4-8E62-49DA-8E51-212A45CCAF49}.Release|Any CPU.ActiveCfg = Release|Any CPU
		{05D3D5E4-8E62-49DA-8E51-212A45CCAF49}.Release|Any CPU.Build.0 = Release|Any CPU
		{290691F0-733C-409D-8FBB-CB5E6602E6ED}.Debug|Any CPU.ActiveCfg = Debug|Any CPU
		{290691F0-733C-409D-8FBB-CB5E6602E6ED}.Debug|Any CPU.Build.0 = Debug|Any CPU
		{290691F0-733C-409D-8FBB-CB5E6602E6ED}.Release|Any CPU.ActiveCfg = Release|Any CPU
		{290691F0-733C-409D-8FBB-CB5E6602E6ED}.Release|Any CPU.Build.0 = Release|Any CPU
		{7B0B47AE-5C21-49CD-AD49-76B776F05B40}.Debug|Any CPU.ActiveCfg = Debug|Any CPU
		{7B0B47AE-5C21-49CD-AD49-76B776F05B40}.Debug|Any CPU.Build.0 = Debug|Any CPU
		{7B0B47AE-5C21-49CD-AD49-76B776F05B40}.Release|Any CPU.ActiveCfg = Release|Any CPU
		{7B0B47AE-5C21-49CD-AD49-76B776F05B40}.Release|Any CPU.Build.0 = Release|Any CPU
		{B3D1B69C-71FD-43EF-81E5-6493CBDFC6AE}.Debug|Any CPU.ActiveCfg = Debug|Any CPU
		{B3D1B69C-71FD-43EF-81E5-6493CBDFC6AE}.Debug|Any CPU.Build.0 = Debug|Any CPU
		{B3D1B69C-71FD-43EF-81E5-6493CBDFC6AE}.Release|Any CPU.ActiveCfg = Release|Any CPU
		{B3D1B69C-71FD-43EF-81E5-6493CBDFC6AE}.Release|Any CPU.Build.0 = Release|Any CPU
		{F73C54DB-0F6F-4F71-A6D5-D77AF8267568}.Debug|Any CPU.ActiveCfg = Debug|Any CPU
		{F73C54DB-0F6F-4F71-A6D5-D77AF8267568}.Debug|Any CPU.Build.0 = Debug|Any CPU
		{F73C54DB-0F6F-4F71-A6D5-D77AF8267568}.Release|Any CPU.ActiveCfg = Release|Any CPU
		{F73C54DB-0F6F-4F71-A6D5-D77AF8267568}.Release|Any CPU.Build.0 = Release|Any CPU
		{A80FF381-478A-40F9-9987-393A4EC11DEC}.Debug|Any CPU.ActiveCfg = Debug|Any CPU
		{A80FF381-478A-40F9-9987-393A4EC11DEC}.Debug|Any CPU.Build.0 = Debug|Any CPU
		{A80FF381-478A-40F9-9987-393A4EC11DEC}.Release|Any CPU.ActiveCfg = Release|Any CPU
		{A80FF381-478A-40F9-9987-393A4EC11DEC}.Release|Any CPU.Build.0 = Release|Any CPU
		{D30596E7-8F4B-4F38-A90A-4D2CFF55DE5B}.Debug|Any CPU.ActiveCfg = Debug|Any CPU
		{D30596E7-8F4B-4F38-A90A-4D2CFF55DE5B}.Debug|Any CPU.Build.0 = Debug|Any CPU
		{D30596E7-8F4B-4F38-A90A-4D2CFF55DE5B}.Release|Any CPU.ActiveCfg = Release|Any CPU
		{D30596E7-8F4B-4F38-A90A-4D2CFF55DE5B}.Release|Any CPU.Build.0 = Release|Any CPU
		{5FEA9720-EB23-4BF3-9843-BEDAF8EE0766}.Debug|Any CPU.ActiveCfg = Debug|Any CPU
		{5FEA9720-EB23-4BF3-9843-BEDAF8EE0766}.Debug|Any CPU.Build.0 = Debug|Any CPU
		{5FEA9720-EB23-4BF3-9843-BEDAF8EE0766}.Release|Any CPU.ActiveCfg = Release|Any CPU
		{5FEA9720-EB23-4BF3-9843-BEDAF8EE0766}.Release|Any CPU.Build.0 = Release|Any CPU
		{E9EF7B15-0CCC-4AF2-9438-8CD325F54B32}.Debug|Any CPU.ActiveCfg = Debug|Any CPU
		{E9EF7B15-0CCC-4AF2-9438-8CD325F54B32}.Debug|Any CPU.Build.0 = Debug|Any CPU
		{E9EF7B15-0CCC-4AF2-9438-8CD325F54B32}.Release|Any CPU.ActiveCfg = Release|Any CPU
		{E9EF7B15-0CCC-4AF2-9438-8CD325F54B32}.Release|Any CPU.Build.0 = Release|Any CPU
		{7A073FBE-B83B-4473-A791-39ABDF1B36E4}.Debug|Any CPU.ActiveCfg = Debug|Any CPU
		{7A073FBE-B83B-4473-A791-39ABDF1B36E4}.Debug|Any CPU.Build.0 = Debug|Any CPU
		{7A073FBE-B83B-4473-A791-39ABDF1B36E4}.Release|Any CPU.ActiveCfg = Release|Any CPU
		{7A073FBE-B83B-4473-A791-39ABDF1B36E4}.Release|Any CPU.Build.0 = Release|Any CPU
		{B998247B-4C6D-4159-BC9F-4763C1DD6300}.Debug|Any CPU.ActiveCfg = Debug|Any CPU
		{B998247B-4C6D-4159-BC9F-4763C1DD6300}.Debug|Any CPU.Build.0 = Debug|Any CPU
		{B998247B-4C6D-4159-BC9F-4763C1DD6300}.Release|Any CPU.ActiveCfg = Release|Any CPU
		{B998247B-4C6D-4159-BC9F-4763C1DD6300}.Release|Any CPU.Build.0 = Release|Any CPU
	EndGlobalSection
	GlobalSection(SolutionProperties) = preSolution
		HideSolutionNode = FALSE
	EndGlobalSection
EndGlobal
