
Microsoft Visual Studio Solution File, Format Version 12.00
# Visual Studio 14
VisualStudioVersion = 14.0.25123.0
MinimumVisualStudioVersion = 10.0.40219.1
Project("{FAE04EC0-301F-11D3-BF4B-00C04F79EFBC}") = "TCPServer", "TCPServer\TCPServer.csproj", "{1A66E153-3821-4164-B0ED-97D50B11D593}"
EndProject
Project("{FAE04EC0-301F-11D3-BF4B-00C04F79EFBC}") = "TCPClient", "TCPClient\TCPClient.csproj", "{36874AA0-0F11-4014-90D8-20DEB1901698}"
EndProject
Global
	GlobalSection(SolutionConfigurationPlatforms) = preSolution
		Debug|Any CPU = Debug|Any CPU
		Release|Any CPU = Release|Any CPU
	EndGlobalSection
	GlobalSection(ProjectConfigurationPlatforms) = postSolution
		{1A66E153-3821-4164-B0ED-97D50B11D593}.Debug|Any CPU.ActiveCfg = Debug|Any CPU
		{1A66E153-3821-4164-B0ED-97D50B11D593}.Debug|Any CPU.Build.0 = Debug|Any CPU
		{1A66E153-3821-4164-B0ED-97D50B11D593}.Release|Any CPU.ActiveCfg = Release|Any CPU
		{1A66E153-3821-4164-B0ED-97D50B11D593}.Release|Any CPU.Build.0 = Release|Any CPU
		{36874AA0-0F11-4014-90D8-20DEB1901698}.Debug|Any CPU.ActiveCfg = Debug|Any CPU
		{36874AA0-0F11-4014-90D8-20DEB1901698}.Debug|Any CPU.Build.0 = Debug|Any CPU
		{36874AA0-0F11-4014-90D8-20DEB1901698}.Release|Any CPU.ActiveCfg = Release|Any CPU
		{36874AA0-0F11-4014-90D8-20DEB1901698}.Release|Any CPU.Build.0 = Release|Any CPU
	EndGlobalSection
	GlobalSection(SolutionProperties) = preSolution
		HideSolutionNode = FALSE
	EndGlobalSection
EndGlobal
